// !$*UTF8*$!
{
	archiveVersion = 1;
	classes = {
	};
	objectVersion = 46;
	objects = {

/* Begin PBXBuildFile section */
		3A08EA321CCB5E7D003B50AC /* AppDelegate.swift in Sources */ = {isa = PBXBuildFile; fileRef = 3A08EA311CCB5E7D003B50AC /* AppDelegate.swift */; };
		3A08EA341CCB5E7D003B50AC /* ViewController.swift in Sources */ = {isa = PBXBuildFile; fileRef = 3A08EA331CCB5E7D003B50AC /* ViewController.swift */; };
		3A08EA371CCB5E7D003B50AC /* Main.storyboard in Resources */ = {isa = PBXBuildFile; fileRef = 3A08EA351CCB5E7D003B50AC /* Main.storyboard */; };
		3A08EA391CCB5E7D003B50AC /* Assets.xcassets in Resources */ = {isa = PBXBuildFile; fileRef = 3A08EA381CCB5E7D003B50AC /* Assets.xcassets */; };
		3A08EA3C1CCB5E7D003B50AC /* LaunchScreen.storyboard in Resources */ = {isa = PBXBuildFile; fileRef = 3A08EA3A1CCB5E7D003B50AC /* LaunchScreen.storyboard */; };
		3A08EA471CCB5E7D003B50AC /* MoonFinderTests.swift in Sources */ = {isa = PBXBuildFile; fileRef = 3A08EA461CCB5E7D003B50AC /* MoonFinderTests.swift */; };
/* End PBXBuildFile section */

/* Begin PBXContainerItemProxy section */
		3A08EA431CCB5E7D003B50AC /* PBXContainerItemProxy */ = {
			isa = PBXContainerItemProxy;
			containerPortal = 3A08EA261CCB5E7D003B50AC /* Project object */;
			proxyType = 1;
			remoteGlobalIDString = 3A08EA2D1CCB5E7D003B50AC;
			remoteInfo = MoonFinder;
		};
/* End PBXContainerItemProxy section */

/* Begin PBXFileReference section */
		3A08EA2E1CCB5E7D003B50AC /* MoonFinder.app */ = {isa = PBXFileReference; explicitFileType = wrapper.application; includeInIndex = 0; path = MoonFinder.app; sourceTree = BUILT_PRODUCTS_DIR; };
		3A08EA311CCB5E7D003B50AC /* AppDelegate.swift */ = {isa = PBXFileReference; lastKnownFileType = sourcecode.swift; path = AppDelegate.swift; sourceTree = "<group>"; };
		3A08EA331CCB5E7D003B50AC /* ViewController.swift */ = {isa = PBXFileReference; lastKnownFileType = sourcecode.swift; path = ViewController.swift; sourceTree = "<group>"; };
		3A08EA361CCB5E7D003B50AC /* Base */ = {isa = PBXFileReference; lastKnownFileType = file.storyboard; name = Base; path = Base.lproj/Main.storyboard; sourceTree = "<group>"; };
		3A08EA381CCB5E7D003B50AC /* Assets.xcassets */ = {isa = PBXFileReference; lastKnownFileType = folder.assetcatalog; path = Assets.xcassets; sourceTree = "<group>"; };
		3A08EA3B1CCB5E7D003B50AC /* Base */ = {isa = PBXFileReference; lastKnownFileType = file.storyboard; name = Base; path = Base.lproj/LaunchScreen.storyboard; sourceTree = "<group>"; };
		3A08EA3D1CCB5E7D003B50AC /* Info.plist */ = {isa = PBXFileReference; lastKnownFileType = text.plist.xml; path = Info.plist; sourceTree = "<group>"; };
		3A08EA421CCB5E7D003B50AC /* MoonFinderTests.xctest */ = {isa = PBXFileReference; explicitFileType = wrapper.cfbundle; includeInIndex = 0; path = MoonFinderTests.xctest; sourceTree = BUILT_PRODUCTS_DIR; };
		3A08EA461CCB5E7D003B50AC /* MoonFinderTests.swift */ = {isa = PBXFileReference; lastKnownFileType = sourcecode.swift; path = MoonFinderTests.swift; sourceTree = "<group>"; };
		3A08EA481CCB5E7D003B50AC /* Info.plist */ = {isa = PBXFileReference; lastKnownFileType = text.plist.xml; path = Info.plist; sourceTree = "<group>"; };
/* End PBXFileReference section */

/* Begin PBXFrameworksBuildPhase section */
		3A08EA2B1CCB5E7D003B50AC /* Frameworks */ = {
			isa = PBXFrameworksBuildPhase;
			buildActionMask = 2147483647;
			files = (
			);
			runOnlyForDeploymentPostprocessing = 0;
		};
		3A08EA3F1CCB5E7D003B50AC /* Frameworks */ = {
			isa = PBXFrameworksBuildPhase;
			buildActionMask = 2147483647;
			files = (
			);
			runOnlyForDeploymentPostprocessing = 0;
		};
/* End PBXFrameworksBuildPhase section */

/* Begin PBXGroup section */
		3A08EA251CCB5E7D003B50AC = {
			isa = PBXGroup;
			children = (
				3A08EA301CCB5E7D003B50AC /* MoonFinder */,
				3A08EA451CCB5E7D003B50AC /* MoonFinderTests */,
				3A08EA2F1CCB5E7D003B50AC /* Products */,
			);
			sourceTree = "<group>";
		};
		3A08EA2F1CCB5E7D003B50AC /* Products */ = {
			isa = PBXGroup;
			children = (
				3A08EA2E1CCB5E7D003B50AC /* MoonFinder.app */,
				3A08EA421CCB5E7D003B50AC /* MoonFinderTests.xctest */,
			);
			name = Products;
			sourceTree = "<group>";
		};
		3A08EA301CCB5E7D003B50AC /* MoonFinder */ = {
			isa = PBXGroup;
			children = (
				3A08EA311CCB5E7D003B50AC /* AppDelegate.swift */,
				3A08EA331CCB5E7D003B50AC /* ViewController.swift */,
				3A08EA351CCB5E7D003B50AC /* Main.storyboard */,
				3A08EA381CCB5E7D003B50AC /* Assets.xcassets */,
				3A08EA3A1CCB5E7D003B50AC /* LaunchScreen.storyboard */,
				3A08EA3D1CCB5E7D003B50AC /* Info.plist */,
			);
			path = MoonFinder;
			sourceTree = "<group>";
		};
		3A08EA451CCB5E7D003B50AC /* MoonFinderTests */ = {
			isa = PBXGroup;
			children = (
				3A08EA461CCB5E7D003B50AC /* MoonFinderTests.swift */,
				3A08EA481CCB5E7D003B50AC /* Info.plist */,
			);
			path = MoonFinderTests;
			sourceTree = "<group>";
		};
/* End PBXGroup section */

/* Begin PBXNativeTarget section */
		3A08EA2D1CCB5E7D003B50AC /* MoonFinder */ = {
			isa = PBXNativeTarget;
			buildConfigurationList = 3A08EA4B1CCB5E7D003B50AC /* Build configuration list for PBXNativeTarget "MoonFinder" */;
			buildPhases = (
				3A08EA2A1CCB5E7D003B50AC /* Sources */,
				3A08EA2B1CCB5E7D003B50AC /* Frameworks */,
				3A08EA2C1CCB5E7D003B50AC /* Resources */,
			);
			buildRules = (
			);
			dependencies = (
			);
			name = MoonFinder;
			productName = MoonFinder;
			productReference = 3A08EA2E1CCB5E7D003B50AC /* MoonFinder.app */;
			productType = "com.apple.product-type.application";
		};
		3A08EA411CCB5E7D003B50AC /* MoonFinderTests */ = {
			isa = PBXNativeTarget;
			buildConfigurationList = 3A08EA4E1CCB5E7D003B50AC /* Build configuration list for PBXNativeTarget "MoonFinderTests" */;
			buildPhases = (
				3A08EA3E1CCB5E7D003B50AC /* Sources */,
				3A08EA3F1CCB5E7D003B50AC /* Frameworks */,
				3A08EA401CCB5E7D003B50AC /* Resources */,
			);
			buildRules = (
			);
			dependencies = (
				3A08EA441CCB5E7D003B50AC /* PBXTargetDependency */,
			);
			name = MoonFinderTests;
			productName = MoonFinderTests;
			productReference = 3A08EA421CCB5E7D003B50AC /* MoonFinderTests.xctest */;
			productType = "com.apple.product-type.bundle.unit-test";
		};
/* End PBXNativeTarget section */

/* Begin PBXProject section */
		3A08EA261CCB5E7D003B50AC /* Project object */ = {
			isa = PBXProject;
			attributes = {
				LastSwiftUpdateCheck = 0720;
				LastUpgradeCheck = 0720;
				ORGANIZATIONNAME = MaiMai;
				TargetAttributes = {
					3A08EA2D1CCB5E7D003B50AC = {
						CreatedOnToolsVersion = 7.2.1;
					};
					3A08EA411CCB5E7D003B50AC = {
						CreatedOnToolsVersion = 7.2.1;
						TestTargetID = 3A08EA2D1CCB5E7D003B50AC;
					};
				};
			};
			buildConfigurationList = 3A08EA291CCB5E7D003B50AC /* Build configuration list for PBXProject "MoonFinder" */;
			compatibilityVersion = "Xcode 3.2";
			developmentRegion = English;
			hasScannedForEncodings = 0;
			knownRegions = (
				en,
				Base,
			);
			mainGroup = 3A08EA251CCB5E7D003B50AC;
			productRefGroup = 3A08EA2F1CCB5E7D003B50AC /* Products */;
			projectDirPath = "";
			projectRoot = "";
			targets = (
				3A08EA2D1CCB5E7D003B50AC /* MoonFinder */,
				3A08EA411CCB5E7D003B50AC /* MoonFinderTests */,
			);
		};
/* End PBXProject section */

/* Begin PBXResourcesBuildPhase section */
		3A08EA2C1CCB5E7D003B50AC /* Resources */ = {
			isa = PBXResourcesBuildPhase;
			buildActionMask = 2147483647;
			files = (
				3A08EA3C1CCB5E7D003B50AC /* LaunchScreen.storyboard in Resources */,
				3A08EA391CCB5E7D003B50AC /* Assets.xcassets in Resources */,
				3A08EA371CCB5E7D003B50AC /* Main.storyboard in Resources */,
			);
			runOnlyForDeploymentPostprocessing = 0;
		};
		3A08EA401CCB5E7D003B50AC /* Resources */ = {
			isa = PBXResourcesBuildPhase;
			buildActionMask = 2147483647;
			files = (
			);
			runOnlyForDeploymentPostprocessing = 0;
		};
/* End PBXResourcesBuildPhase section */

/* Begin PBXSourcesBuildPhase section */
		3A08EA2A1CCB5E7D003B50AC /* Sources */ = {
			isa = PBXSourcesBuildPhase;
			buildActionMask = 2147483647;
			files = (
				3A08EA341CCB5E7D003B50AC /* ViewController.swift in Sources */,
				3A08EA321CCB5E7D003B50AC /* AppDelegate.swift in Sources */,
			);
			runOnlyForDeploymentPostprocessing = 0;
		};
		3A08EA3E1CCB5E7D003B50AC /* Sources */ = {
			isa = PBXSourcesBuildPhase;
			buildActionMask = 2147483647;
			files = (
				3A08EA471CCB5E7D003B50AC /* MoonFinderTests.swift in Sources */,
			);
			runOnlyForDeploymentPostprocessing = 0;
		};
/* End PBXSourcesBuildPhase section */

/* Begin PBXTargetDependency section */
		3A08EA441CCB5E7D003B50AC /* PBXTargetDependency */ = {
			isa = PBXTargetDependency;
			target = 3A08EA2D1CCB5E7D003B50AC /* MoonFinder */;
			targetProxy = 3A08EA431CCB5E7D003B50AC /* PBXContainerItemProxy */;
		};
/* End PBXTargetDependency section */

/* Begin PBXVariantGroup section */
		3A08EA351CCB5E7D003B50AC /* Main.storyboard */ = {
			isa = PBXVariantGroup;
			children = (
				3A08EA361CCB5E7D003B50AC /* Base */,
			);
			name = Main.storyboard;
			sourceTree = "<group>";
		};
		3A08EA3A1CCB5E7D003B50AC /* LaunchScreen.storyboard */ = {
			isa = PBXVariantGroup;
			children = (
				3A08EA3B1CCB5E7D003B50AC /* Base */,
			);
			name = LaunchScreen.storyboard;
			sourceTree = "<group>";
		};
/* End PBXVariantGroup section */

/* Begin XCBuildConfiguration section */
		3A08EA491CCB5E7D003B50AC /* Debug */ = {
			isa = XCBuildConfiguration;
			buildSettings = {
				ALWAYS_SEARCH_USER_PATHS = NO;
				CLANG_CXX_LANGUAGE_STANDARD = "gnu++0x";
				CLANG_CXX_LIBRARY = "libc++";
				CLANG_ENABLE_MODULES = YES;
				CLANG_ENABLE_OBJC_ARC = YES;
				CLANG_WARN_BOOL_CONVERSION = YES;
				CLANG_WARN_CONSTANT_CONVERSION = YES;
				CLANG_WARN_DIRECT_OBJC_ISA_USAGE = YES_ERROR;
				CLANG_WARN_EMPTY_BODY = YES;
				CLANG_WARN_ENUM_CONVERSION = YES;
				CLANG_WARN_INT_CONVERSION = YES;
				CLANG_WARN_OBJC_ROOT_CLASS = YES_ERROR;
				CLANG_WARN_UNREACHABLE_CODE = YES;
				CLANG_WARN__DUPLICATE_METHOD_MATCH = YES;
				"CODE_SIGN_IDENTITY[sdk=iphoneos*]" = "iPhone Developer";
				COPY_PHASE_STRIP = NO;
				DEBUG_INFORMATION_FORMAT = dwarf;
				ENABLE_STRICT_OBJC_MSGSEND = YES;
				ENABLE_TESTABILITY = YES;
				GCC_C_LANGUAGE_STANDARD = gnu99;
				GCC_DYNAMIC_NO_PIC = NO;
				GCC_NO_COMMON_BLOCKS = YES;
				GCC_OPTIMIZATION_LEVEL = 0;
				GCC_PREPROCESSOR_DEFINITIONS = (
					"DEBUG=1",
					"$(inherited)",
				);
				GCC_WARN_64_TO_32_BIT_CONVERSION = YES;
				GCC_WARN_ABOUT_RETURN_TYPE = YES_ERROR;
				GCC_WARN_UNDECLARED_SELECTOR = YES;
				GCC_WARN_UNINITIALIZED_AUTOS = YES_AGGRESSIVE;
				GCC_WARN_UNUSED_FUNCTION = YES;
				GCC_WARN_UNUSED_VARIABLE = YES;
				IPHONEOS_DEPLOYMENT_TARGET = 9.2;
				MTL_ENABLE_DEBUG_INFO = YES;
				ONLY_ACTIVE_ARCH = YES;
				SDKROOT = iphoneos;
				SWIFT_OPTIMIZATION_LEVEL = "-Onone";
				TARGETED_DEVICE_FAMILY = "1,2";
			};
			name = Debug;
		};
		3A08EA4A1CCB5E7D003B50AC /* Release */ = {
			isa = XCBuildConfiguration;
			buildSettings = {
				ALWAYS_SEARCH_USER_PATHS = NO;
				CLANG_CXX_LANGUAGE_STANDARD = "gnu++0x";
				CLANG_CXX_LIBRARY = "libc++";
				CLANG_ENABLE_MODULES = YES;
				CLANG_ENABLE_OBJC_ARC = YES;
				CLANG_WARN_BOOL_CONVERSION = YES;
				CLANG_WARN_CONSTANT_CONVERSION = YES;
				CLANG_WARN_DIRECT_OBJC_ISA_USAGE = YES_ERROR;
				CLANG_WARN_EMPTY_BODY = YES;
				CLANG_WARN_ENUM_CONVERSION = YES;
				CLANG_WARN_INT_CONVERSION = YES;
				CLANG_WARN_OBJC_ROOT_CLASS = YES_ERROR;
				CLANG_WARN_UNREACHABLE_CODE = YES;
				CLANG_WARN__DUPLICATE_METHOD_MATCH = YES;
				"CODE_SIGN_IDENTITY[sdk=iphoneos*]" = "iPhone Developer";
				COPY_PHASE_STRIP = NO;
				DEBUG_INFORMATION_FORMAT = "dwarf-with-dsym";
				ENABLE_NS_ASSERTIONS = NO;
				ENABLE_STRICT_OBJC_MSGSEND = YES;
				GCC_C_LANGUAGE_STANDARD = gnu99;
				GCC_NO_COMMON_BLOCKS = YES;
				GCC_WARN_64_TO_32_BIT_CONVERSION = YES;
				GCC_WARN_ABOUT_RETURN_TYPE = YES_ERROR;
				GCC_WARN_UNDECLARED_SELECTOR = YES;
				GCC_WARN_UNINITIALIZED_AUTOS = YES_AGGRESSIVE;
				GCC_WARN_UNUSED_FUNCTION = YES;
				GCC_WARN_UNUSED_VARIABLE = YES;
				IPHONEOS_DEPLOYMENT_TARGET = 9.2;
				MTL_ENABLE_DEBUG_INFO = NO;
				SDKROOT = iphoneos;
				TARGETED_DEVICE_FAMILY = "1,2";
				VALIDATE_PRODUCT = YES;
			};
			name = Release;
		};
		3A08EA4C1CCB5E7D003B50AC /* Debug */ = {
			isa = XCBuildConfiguration;
			buildSettings = {
				ASSETCATALOG_COMPILER_APPICON_NAME = AppIcon;
				INFOPLIST_FILE = MoonFinder/Info.plist;
				LD_RUNPATH_SEARCH_PATHS = "$(inherited) @executable_path/Frameworks";
				PRODUCT_BUNDLE_IDENTIFIER = bappvn.MoonFinder;
				PRODUCT_NAME = "$(TARGET_NAME)";
			};
			name = Debug;
		};
		3A08EA4D1CCB5E7D003B50AC /* Release */ = {
			isa = XCBuildConfiguration;
			buildSettings = {
				ASSETCATALOG_COMPILER_APPICON_NAME = AppIcon;
				INFOPLIST_FILE = MoonFinder/Info.plist;
				LD_RUNPATH_SEARCH_PATHS = "$(inherited) @executable_path/Frameworks";
				PRODUCT_BUNDLE_IDENTIFIER = bappvn.MoonFinder;
				PRODUCT_NAME = "$(TARGET_NAME)";
			};
			name = Release;
		};
		3A08EA4F1CCB5E7D003B50AC /* Debug */ = {
			isa = XCBuildConfiguration;
			buildSettings = {
				BUNDLE_LOADER = "$(TEST_HOST)";
				INFOPLIST_FILE = MoonFinderTests/Info.plist;
				LD_RUNPATH_SEARCH_PATHS = "$(inherited) @executable_path/Frameworks @loader_path/Frameworks";
				PRODUCT_BUNDLE_IDENTIFIER = bappvn.MoonFinderTests;
				PRODUCT_NAME = "$(TARGET_NAME)";
				TEST_HOST = "$(BUILT_PRODUCTS_DIR)/MoonFinder.app/MoonFinder";
			};
			name = Debug;
		};
		3A08EA501CCB5E7D003B50AC /* Release */ = {
			isa = XCBuildConfiguration;
			buildSettings = {
				BUNDLE_LOADER = "$(TEST_HOST)";
				INFOPLIST_FILE = MoonFinderTests/Info.plist;
				LD_RUNPATH_SEARCH_PATHS = "$(inherited) @executable_path/Frameworks @loader_path/Frameworks";
				PRODUCT_BUNDLE_IDENTIFIER = bappvn.MoonFinderTests;
				PRODUCT_NAME = "$(TARGET_NAME)";
				TEST_HOST = "$(BUILT_PRODUCTS_DIR)/MoonFinder.app/MoonFinder";
			};
			name = Release;
		};
/* End XCBuildConfiguration section */

/* Begin XCConfigurationList section */
		3A08EA291CCB5E7D003B50AC /* Build configuration list for PBXProject "MoonFinder" */ = {
			isa = XCConfigurationList;
			buildConfigurations = (
				3A08EA491CCB5E7D003B50AC /* Debug */,
				3A08EA4A1CCB5E7D003B50AC /* Release */,
			);
			defaultConfigurationIsVisible = 0;
			defaultConfigurationName = Release;
		};
		3A08EA4B1CCB5E7D003B50AC /* Build configuration list for PBXNativeTarget "MoonFinder" */ = {
			isa = XCConfigurationList;
			buildConfigurations = (
				3A08EA4C1CCB5E7D003B50AC /* Debug */,
				3A08EA4D1CCB5E7D003B50AC /* Release */,
			);
			defaultConfigurationIsVisible = 0;
		};
		3A08EA4E1CCB5E7D003B50AC /* Build configuration list for PBXNativeTarget "MoonFinderTests" */ = {
			isa = XCConfigurationList;
			buildConfigurations = (
				3A08EA4F1CCB5E7D003B50AC /* Debug */,
				3A08EA501CCB5E7D003B50AC /* Release */,
			);
			defaultConfigurationIsVisible = 0;
		};
/* End XCConfigurationList section */
	};
	rootObject = 3A08EA261CCB5E7D003B50AC /* Project object */;
}
